
Microsoft Visual Studio Solution File, Format Version 12.00
# Visual Studio Version 16
VisualStudioVersion = 16.0.31019.35
MinimumVisualStudioVersion = 10.0.40219.1
Project("{9A19103F-16F7-4668-BE54-9A1E7A4F7556}") = "HTMLServer", "HTMLServer\HTMLServer.csproj", "{2E26DA95-C7BC-453B-9618-ECBD53D4F309}"
EndProject
Project("{9A19103F-16F7-4668-BE54-9A1E7A4F7556}") = "Common", "Common\Common.csproj", "{345F7F2B-CB17-4A46-B232-B4D2C1F20FB3}"
EndProject
Project("{9A19103F-16F7-4668-BE54-9A1E7A4F7556}") = "Logic", "Logic\Logic.csproj", "{6560D915-AE02-462B-9380-AC288E92F5C1}"
EndProject
Project("{9A19103F-16F7-4668-BE54-9A1E7A4F7556}") = "Factory", "Factory\Factory.csproj", "{71772326-7C3E-45C7-9FB9-8A0383708B24}"
EndProject
Project("{9A19103F-16F7-4668-BE54-9A1E7A4F7556}") = "DataAccess", "DataAccess\DataAccess.csproj", "{F9773A9A-F329-4D32-B579-5C8DFFB7F950}"
EndProject
Global
	GlobalSection(SolutionConfigurationPlatforms) = preSolution
		Debug|Any CPU = Debug|Any CPU
		Release|Any CPU = Release|Any CPU
	EndGlobalSection
	GlobalSection(ProjectConfigurationPlatforms) = postSolution
		{2E26DA95-C7BC-453B-9618-ECBD53D4F309}.Debug|Any CPU.ActiveCfg = Debug|Any CPU
		{2E26DA95-C7BC-453B-9618-ECBD53D4F309}.Debug|Any CPU.Build.0 = Debug|Any CPU
		{2E26DA95-C7BC-453B-9618-ECBD53D4F309}.Release|Any CPU.ActiveCfg = Release|Any CPU
		{2E26DA95-C7BC-453B-9618-ECBD53D4F309}.Release|Any CPU.Build.0 = Release|Any CPU
		{345F7F2B-CB17-4A46-B232-B4D2C1F20FB3}.Debug|Any CPU.ActiveCfg = Debug|Any CPU
		{345F7F2B-CB17-4A46-B232-B4D2C1F20FB3}.Debug|Any CPU.Build.0 = Debug|Any CPU
		{345F7F2B-CB17-4A46-B232-B4D2C1F20FB3}.Release|Any CPU.ActiveCfg = Release|Any CPU
		{345F7F2B-CB17-4A46-B232-B4D2C1F20FB3}.Release|Any CPU.Build.0 = Release|Any CPU
		{6560D915-AE02-462B-9380-AC288E92F5C1}.Debug|Any CPU.ActiveCfg = Debug|Any CPU
		{6560D915-AE02-462B-9380-AC288E92F5C1}.Debug|Any CPU.Build.0 = Debug|Any CPU
		{6560D915-AE02-462B-9380-AC288E92F5C1}.Release|Any CPU.ActiveCfg = Release|Any CPU
		{6560D915-AE02-462B-9380-AC288E92F5C1}.Release|Any CPU.Build.0 = Release|Any CPU
		{71772326-7C3E-45C7-9FB9-8A0383708B24}.Debug|Any CPU.ActiveCfg = Debug|Any CPU
		{71772326-7C3E-45C7-9FB9-8A0383708B24}.Debug|Any CPU.Build.0 = Debug|Any CPU
		{71772326-7C3E-45C7-9FB9-8A0383708B24}.Release|Any CPU.ActiveCfg = Release|Any CPU
		{71772326-7C3E-45C7-9FB9-8A0383708B24}.Release|Any CPU.Build.0 = Release|Any CPU
		{F9773A9A-F329-4D32-B579-5C8DFFB7F950}.Debug|Any CPU.ActiveCfg = Debug|Any CPU
		{F9773A9A-F329-4D32-B579-5C8DFFB7F950}.Debug|Any CPU.Build.0 = Debug|Any CPU
		{F9773A9A-F329-4D32-B579-5C8DFFB7F950}.Release|Any CPU.ActiveCfg = Release|Any CPU
		{F9773A9A-F329-4D32-B579-5C8DFFB7F950}.Release|Any CPU.Build.0 = Release|Any CPU
	EndGlobalSection
	GlobalSection(SolutionProperties) = preSolution
		HideSolutionNode = FALSE
	EndGlobalSection
	GlobalSection(ExtensibilityGlobals) = postSolution
		SolutionGuid = {760E4789-A7D7-4134-8C6E-030AD207D112}
	EndGlobalSection
EndGlobal
